
Microsoft Visual Studio Solution File, Format Version 12.00
# Visual Studio Version 16
VisualStudioVersion = 16.0.32630.194
MinimumVisualStudioVersion = 10.0.40219.1
Project("{FAE04EC0-301F-11D3-BF4B-00C04F79EFBC}") = "CosmeticsParser", "CosmeticsParser\CosmeticsParser.csproj", "{62231170-4580-4B0A-BF4C-FC113669F4DD}"
EndProject
Global
	GlobalSection(SolutionConfigurationPlatforms) = preSolution
		Debug|Any CPU = Debug|Any CPU
		Release|Any CPU = Release|Any CPU
	EndGlobalSection
	GlobalSection(ProjectConfigurationPlatforms) = postSolution
		{62231170-4580-4B0A-BF4C-FC113669F4DD}.Debug|Any CPU.ActiveCfg = Debug|Any CPU
		{62231170-4580-4B0A-BF4C-FC113669F4DD}.Debug|Any CPU.Build.0 = Debug|Any CPU
		{62231170-4580-4B0A-BF4C-FC113669F4DD}.Release|Any CPU.ActiveCfg = Release|Any CPU
		{62231170-4580-4B0A-BF4C-FC113669F4DD}.Release|Any CPU.Build.0 = Release|Any CPU
	EndGlobalSection
	GlobalSection(SolutionProperties) = preSolution
		HideSolutionNode = FALSE
	EndGlobalSection
	GlobalSection(ExtensibilityGlobals) = postSolution
		SolutionGuid = {FFF1BAEB-529D-443C-9459-B9D892037AAA}
	EndGlobalSection
EndGlobal
